// !$*UTF8*$!
{
	archiveVersion = 1;
	classes = {
	};
	objectVersion = 50;
	objects = {

/* Begin PBXBuildFile section */
		D322D5FE24C4B90C009A4E4F /* TableViewController.swift in Sources */ = {isa = PBXBuildFile; fileRef = D322D5FD24C4B90C009A4E4F /* TableViewController.swift */; };
		D322D60024C4B932009A4E4F /* MapViewController.swift in Sources */ = {isa = PBXBuildFile; fileRef = D322D5FF24C4B932009A4E4F /* MapViewController.swift */; };
		D322D60224C73ED8009A4E4F /* OnTheMapClient.swift in Sources */ = {isa = PBXBuildFile; fileRef = D322D60124C73ED8009A4E4F /* OnTheMapClient.swift */; };
		D322D60524C73FD0009A4E4F /* LoginRequest.swift in Sources */ = {isa = PBXBuildFile; fileRef = D322D60424C73FD0009A4E4F /* LoginRequest.swift */; };
		D322D60824C741A2009A4E4F /* SessionRespones.swift in Sources */ = {isa = PBXBuildFile; fileRef = D322D60724C741A2009A4E4F /* SessionRespones.swift */; };
		D322D60A24C788EB009A4E4F /* StudentLocation.swift in Sources */ = {isa = PBXBuildFile; fileRef = D322D60924C788EB009A4E4F /* StudentLocation.swift */; };
		D322D60F24C8980E009A4E4F /* StudentLocationResults.swift in Sources */ = {isa = PBXBuildFile; fileRef = D322D60E24C8980E009A4E4F /* StudentLocationResults.swift */; };
		D322D61124C8C185009A4E4F /* InformationPostingViewController.swift in Sources */ = {isa = PBXBuildFile; fileRef = D322D61024C8C185009A4E4F /* InformationPostingViewController.swift */; };
		D322D61324CAAD98009A4E4F /* PostLocationViewController.swift in Sources */ = {isa = PBXBuildFile; fileRef = D322D61224CAAD98009A4E4F /* PostLocationViewController.swift */; };
		D322D61524CAB91D009A4E4F /* PostStudentLocationResponse.swift in Sources */ = {isa = PBXBuildFile; fileRef = D322D61424CAB91D009A4E4F /* PostStudentLocationResponse.swift */; };
		D38764F224CF0EFF0083B6BF /* User.swift in Sources */ = {isa = PBXBuildFile; fileRef = D38764F124CF0EFF0083B6BF /* User.swift */; };
		D3B24F9524C3645500CE4158 /* AppDelegate.swift in Sources */ = {isa = PBXBuildFile; fileRef = D3B24F9424C3645500CE4158 /* AppDelegate.swift */; };
		D3B24F9724C3645500CE4158 /* SceneDelegate.swift in Sources */ = {isa = PBXBuildFile; fileRef = D3B24F9624C3645500CE4158 /* SceneDelegate.swift */; };
		D3B24F9924C3645500CE4158 /* LoginViewController.swift in Sources */ = {isa = PBXBuildFile; fileRef = D3B24F9824C3645500CE4158 /* LoginViewController.swift */; };
		D3B24F9C24C3645500CE4158 /* Main.storyboard in Resources */ = {isa = PBXBuildFile; fileRef = D3B24F9A24C3645500CE4158 /* Main.storyboard */; };
		D3B24F9E24C3645F00CE4158 /* Assets.xcassets in Resources */ = {isa = PBXBuildFile; fileRef = D3B24F9D24C3645F00CE4158 /* Assets.xcassets */; };
		D3B24FA124C3645F00CE4158 /* LaunchScreen.storyboard in Resources */ = {isa = PBXBuildFile; fileRef = D3B24F9F24C3645F00CE4158 /* LaunchScreen.storyboard */; };
		D3B24FAC24C3646000CE4158 /* OnTheMapTests.swift in Sources */ = {isa = PBXBuildFile; fileRef = D3B24FAB24C3646000CE4158 /* OnTheMapTests.swift */; };
		D3B24FB724C3646000CE4158 /* OnTheMapUITests.swift in Sources */ = {isa = PBXBuildFile; fileRef = D3B24FB624C3646000CE4158 /* OnTheMapUITests.swift */; };
/* End PBXBuildFile section */

/* Begin PBXContainerItemProxy section */
		D3B24FA824C3646000CE4158 /* PBXContainerItemProxy */ = {
			isa = PBXContainerItemProxy;
			containerPortal = D3B24F8924C3645500CE4158 /* Project object */;
			proxyType = 1;
			remoteGlobalIDString = D3B24F9024C3645500CE4158;
			remoteInfo = OnTheMap;
		};
		D3B24FB324C3646000CE4158 /* PBXContainerItemProxy */ = {
			isa = PBXContainerItemProxy;
			containerPortal = D3B24F8924C3645500CE4158 /* Project object */;
			proxyType = 1;
			remoteGlobalIDString = D3B24F9024C3645500CE4158;
			remoteInfo = OnTheMap;
		};
/* End PBXContainerItemProxy section */

/* Begin PBXFileReference section */
		D322D5FD24C4B90C009A4E4F /* TableViewController.swift */ = {isa = PBXFileReference; lastKnownFileType = sourcecode.swift; path = TableViewController.swift; sourceTree = "<group>"; };
		D322D5FF24C4B932009A4E4F /* MapViewController.swift */ = {isa = PBXFileReference; lastKnownFileType = sourcecode.swift; path = MapViewController.swift; sourceTree = "<group>"; };
		D322D60124C73ED8009A4E4F /* OnTheMapClient.swift */ = {isa = PBXFileReference; lastKnownFileType = sourcecode.swift; path = OnTheMapClient.swift; sourceTree = "<group>"; };
		D322D60424C73FD0009A4E4F /* LoginRequest.swift */ = {isa = PBXFileReference; lastKnownFileType = sourcecode.swift; path = LoginRequest.swift; sourceTree = "<group>"; };
		D322D60724C741A2009A4E4F /* SessionRespones.swift */ = {isa = PBXFileReference; lastKnownFileType = sourcecode.swift; path = SessionRespones.swift; sourceTree = "<group>"; };
		D322D60924C788EB009A4E4F /* StudentLocation.swift */ = {isa = PBXFileReference; lastKnownFileType = sourcecode.swift; path = StudentLocation.swift; sourceTree = "<group>"; };
		D322D60E24C8980E009A4E4F /* StudentLocationResults.swift */ = {isa = PBXFileReference; lastKnownFileType = sourcecode.swift; path = StudentLocationResults.swift; sourceTree = "<group>"; };
		D322D61024C8C185009A4E4F /* InformationPostingViewController.swift */ = {isa = PBXFileReference; lastKnownFileType = sourcecode.swift; path = InformationPostingViewController.swift; sourceTree = "<group>"; };
		D322D61224CAAD98009A4E4F /* PostLocationViewController.swift */ = {isa = PBXFileReference; lastKnownFileType = sourcecode.swift; path = PostLocationViewController.swift; sourceTree = "<group>"; };
		D322D61424CAB91D009A4E4F /* PostStudentLocationResponse.swift */ = {isa = PBXFileReference; lastKnownFileType = sourcecode.swift; path = PostStudentLocationResponse.swift; sourceTree = "<group>"; };
		D38764F124CF0EFF0083B6BF /* User.swift */ = {isa = PBXFileReference; lastKnownFileType = sourcecode.swift; path = User.swift; sourceTree = "<group>"; };
		D3B24F9124C3645500CE4158 /* OnTheMap.app */ = {isa = PBXFileReference; explicitFileType = wrapper.application; includeInIndex = 0; path = OnTheMap.app; sourceTree = BUILT_PRODUCTS_DIR; };
		D3B24F9424C3645500CE4158 /* AppDelegate.swift */ = {isa = PBXFileReference; lastKnownFileType = sourcecode.swift; path = AppDelegate.swift; sourceTree = "<group>"; };
		D3B24F9624C3645500CE4158 /* SceneDelegate.swift */ = {isa = PBXFileReference; lastKnownFileType = sourcecode.swift; path = SceneDelegate.swift; sourceTree = "<group>"; };
		D3B24F9824C3645500CE4158 /* LoginViewController.swift */ = {isa = PBXFileReference; lastKnownFileType = sourcecode.swift; path = LoginViewController.swift; sourceTree = "<group>"; };
		D3B24F9B24C3645500CE4158 /* Base */ = {isa = PBXFileReference; lastKnownFileType = file.storyboard; name = Base; path = Base.lproj/Main.storyboard; sourceTree = "<group>"; };
		D3B24F9D24C3645F00CE4158 /* Assets.xcassets */ = {isa = PBXFileReference; lastKnownFileType = folder.assetcatalog; path = Assets.xcassets; sourceTree = "<group>"; };
		D3B24FA024C3645F00CE4158 /* Base */ = {isa = PBXFileReference; lastKnownFileType = file.storyboard; name = Base; path = Base.lproj/LaunchScreen.storyboard; sourceTree = "<group>"; };
		D3B24FA224C3645F00CE4158 /* Info.plist */ = {isa = PBXFileReference; lastKnownFileType = text.plist.xml; path = Info.plist; sourceTree = "<group>"; };
		D3B24FA724C3646000CE4158 /* OnTheMapTests.xctest */ = {isa = PBXFileReference; explicitFileType = wrapper.cfbundle; includeInIndex = 0; path = OnTheMapTests.xctest; sourceTree = BUILT_PRODUCTS_DIR; };
		D3B24FAB24C3646000CE4158 /* OnTheMapTests.swift */ = {isa = PBXFileReference; lastKnownFileType = sourcecode.swift; path = OnTheMapTests.swift; sourceTree = "<group>"; };
		D3B24FAD24C3646000CE4158 /* Info.plist */ = {isa = PBXFileReference; lastKnownFileType = text.plist.xml; path = Info.plist; sourceTree = "<group>"; };
		D3B24FB224C3646000CE4158 /* OnTheMapUITests.xctest */ = {isa = PBXFileReference; explicitFileType = wrapper.cfbundle; includeInIndex = 0; path = OnTheMapUITests.xctest; sourceTree = BUILT_PRODUCTS_DIR; };
		D3B24FB624C3646000CE4158 /* OnTheMapUITests.swift */ = {isa = PBXFileReference; lastKnownFileType = sourcecode.swift; path = OnTheMapUITests.swift; sourceTree = "<group>"; };
		D3B24FB824C3646000CE4158 /* Info.plist */ = {isa = PBXFileReference; lastKnownFileType = text.plist.xml; path = Info.plist; sourceTree = "<group>"; };
/* End PBXFileReference section */

/* Begin PBXFrameworksBuildPhase section */
		D3B24F8E24C3645500CE4158 /* Frameworks */ = {
			isa = PBXFrameworksBuildPhase;
			buildActionMask = 2147483647;
			files = (
			);
			runOnlyForDeploymentPostprocessing = 0;
		};
		D3B24FA424C3646000CE4158 /* Frameworks */ = {
			isa = PBXFrameworksBuildPhase;
			buildActionMask = 2147483647;
			files = (
			);
			runOnlyForDeploymentPostprocessing = 0;
		};
		D3B24FAF24C3646000CE4158 /* Frameworks */ = {
			isa = PBXFrameworksBuildPhase;
			buildActionMask = 2147483647;
			files = (
			);
			runOnlyForDeploymentPostprocessing = 0;
		};
/* End PBXFrameworksBuildPhase section */

/* Begin PBXGroup section */
		D322D5F924C4B83C009A4E4F /* Model */ = {
			isa = PBXGroup;
			children = (
				D38764F024CF0EE30083B6BF /* Data */,
				D322D60624C74179009A4E4F /* OnTheMap respones */,
				D322D60324C73FA1009A4E4F /* OnTheMap requests */,
				D322D60124C73ED8009A4E4F /* OnTheMapClient.swift */,
			);
			path = Model;
			sourceTree = "<group>";
		};
		D322D5FA24C4B84A009A4E4F /* View */ = {
			isa = PBXGroup;
			children = (
			);
			path = View;
			sourceTree = "<group>";
		};
		D322D5FB24C4B854009A4E4F /* Controller */ = {
			isa = PBXGroup;
			children = (
				D3B24F9824C3645500CE4158 /* LoginViewController.swift */,
				D322D5FD24C4B90C009A4E4F /* TableViewController.swift */,
				D322D5FF24C4B932009A4E4F /* MapViewController.swift */,
				D322D61024C8C185009A4E4F /* InformationPostingViewController.swift */,
				D322D61224CAAD98009A4E4F /* PostLocationViewController.swift */,
			);
			path = Controller;
			sourceTree = "<group>";
		};
		D322D5FC24C4B86C009A4E4F /* Assets */ = {
			isa = PBXGroup;
			children = (
				D3B24F9A24C3645500CE4158 /* Main.storyboard */,
				D3B24F9F24C3645F00CE4158 /* LaunchScreen.storyboard */,
				D3B24F9D24C3645F00CE4158 /* Assets.xcassets */,
			);
			path = Assets;
			sourceTree = "<group>";
		};
		D322D60324C73FA1009A4E4F /* OnTheMap requests */ = {
			isa = PBXGroup;
			children = (
				D322D60424C73FD0009A4E4F /* LoginRequest.swift */,
			);
			path = "OnTheMap requests";
			sourceTree = "<group>";
		};
		D322D60624C74179009A4E4F /* OnTheMap respones */ = {
			isa = PBXGroup;
			children = (
				D322D60724C741A2009A4E4F /* SessionRespones.swift */,
				D322D60924C788EB009A4E4F /* StudentLocation.swift */,
				D322D60E24C8980E009A4E4F /* StudentLocationResults.swift */,
				D322D61424CAB91D009A4E4F /* PostStudentLocationResponse.swift */,
			);
			path = "OnTheMap respones";
			sourceTree = "<group>";
		};
		D38764F024CF0EE30083B6BF /* Data */ = {
			isa = PBXGroup;
			children = (
				D38764F124CF0EFF0083B6BF /* User.swift */,
			);
			path = Data;
			sourceTree = "<group>";
		};
		D3B24F8824C3645500CE4158 = {
			isa = PBXGroup;
			children = (
				D3B24F9324C3645500CE4158 /* OnTheMap */,
				D3B24FAA24C3646000CE4158 /* OnTheMapTests */,
				D3B24FB524C3646000CE4158 /* OnTheMapUITests */,
				D3B24F9224C3645500CE4158 /* Products */,
			);
			sourceTree = "<group>";
		};
		D3B24F9224C3645500CE4158 /* Products */ = {
			isa = PBXGroup;
			children = (
				D3B24F9124C3645500CE4158 /* OnTheMap.app */,
				D3B24FA724C3646000CE4158 /* OnTheMapTests.xctest */,
				D3B24FB224C3646000CE4158 /* OnTheMapUITests.xctest */,
			);
			name = Products;
			sourceTree = "<group>";
		};
		D3B24F9324C3645500CE4158 /* OnTheMap */ = {
			isa = PBXGroup;
			children = (
				D3B24FA224C3645F00CE4158 /* Info.plist */,
				D3B24F9424C3645500CE4158 /* AppDelegate.swift */,
				D3B24F9624C3645500CE4158 /* SceneDelegate.swift */,
				D322D5FC24C4B86C009A4E4F /* Assets */,
				D322D5FB24C4B854009A4E4F /* Controller */,
				D322D5FA24C4B84A009A4E4F /* View */,
				D322D5F924C4B83C009A4E4F /* Model */,
			);
			path = OnTheMap;
			sourceTree = "<group>";
		};
		D3B24FAA24C3646000CE4158 /* OnTheMapTests */ = {
			isa = PBXGroup;
			children = (
				D3B24FAB24C3646000CE4158 /* OnTheMapTests.swift */,
				D3B24FAD24C3646000CE4158 /* Info.plist */,
			);
			path = OnTheMapTests;
			sourceTree = "<group>";
		};
		D3B24FB524C3646000CE4158 /* OnTheMapUITests */ = {
			isa = PBXGroup;
			children = (
				D3B24FB624C3646000CE4158 /* OnTheMapUITests.swift */,
				D3B24FB824C3646000CE4158 /* Info.plist */,
			);
			path = OnTheMapUITests;
			sourceTree = "<group>";
		};
/* End PBXGroup section */

/* Begin PBXNativeTarget section */
		D3B24F9024C3645500CE4158 /* OnTheMap */ = {
			isa = PBXNativeTarget;
			buildConfigurationList = D3B24FBB24C3646000CE4158 /* Build configuration list for PBXNativeTarget "OnTheMap" */;
			buildPhases = (
				D3B24F8D24C3645500CE4158 /* Sources */,
				D3B24F8E24C3645500CE4158 /* Frameworks */,
				D3B24F8F24C3645500CE4158 /* Resources */,
			);
			buildRules = (
			);
			dependencies = (
			);
			name = OnTheMap;
			productName = OnTheMap;
			productReference = D3B24F9124C3645500CE4158 /* OnTheMap.app */;
			productType = "com.apple.product-type.application";
		};
		D3B24FA624C3646000CE4158 /* OnTheMapTests */ = {
			isa = PBXNativeTarget;
			buildConfigurationList = D3B24FBE24C3646000CE4158 /* Build configuration list for PBXNativeTarget "OnTheMapTests" */;
			buildPhases = (
				D3B24FA324C3646000CE4158 /* Sources */,
				D3B24FA424C3646000CE4158 /* Frameworks */,
				D3B24FA524C3646000CE4158 /* Resources */,
			);
			buildRules = (
			);
			dependencies = (
				D3B24FA924C3646000CE4158 /* PBXTargetDependency */,
			);
			name = OnTheMapTests;
			productName = OnTheMapTests;
			productReference = D3B24FA724C3646000CE4158 /* OnTheMapTests.xctest */;
			productType = "com.apple.product-type.bundle.unit-test";
		};
		D3B24FB124C3646000CE4158 /* OnTheMapUITests */ = {
			isa = PBXNativeTarget;
			buildConfigurationList = D3B24FC124C3646000CE4158 /* Build configuration list for PBXNativeTarget "OnTheMapUITests" */;
			buildPhases = (
				D3B24FAE24C3646000CE4158 /* Sources */,
				D3B24FAF24C3646000CE4158 /* Frameworks */,
				D3B24FB024C3646000CE4158 /* Resources */,
			);
			buildRules = (
			);
			dependencies = (
				D3B24FB424C3646000CE4158 /* PBXTargetDependency */,
			);
			name = OnTheMapUITests;
			productName = OnTheMapUITests;
			productReference = D3B24FB224C3646000CE4158 /* OnTheMapUITests.xctest */;
			productType = "com.apple.product-type.bundle.ui-testing";
		};
/* End PBXNativeTarget section */

/* Begin PBXProject section */
		D3B24F8924C3645500CE4158 /* Project object */ = {
			isa = PBXProject;
			attributes = {
				LastSwiftUpdateCheck = 1150;
				LastUpgradeCheck = 1150;
				ORGANIZATIONNAME = Adeebx1;
				TargetAttributes = {
					D3B24F9024C3645500CE4158 = {
						CreatedOnToolsVersion = 11.5;
					};
					D3B24FA624C3646000CE4158 = {
						CreatedOnToolsVersion = 11.5;
						TestTargetID = D3B24F9024C3645500CE4158;
					};
					D3B24FB124C3646000CE4158 = {
						CreatedOnToolsVersion = 11.5;
						TestTargetID = D3B24F9024C3645500CE4158;
					};
				};
			};
			buildConfigurationList = D3B24F8C24C3645500CE4158 /* Build configuration list for PBXProject "OnTheMap" */;
			compatibilityVersion = "Xcode 9.3";
			developmentRegion = en;
			hasScannedForEncodings = 0;
			knownRegions = (
				en,
				Base,
			);
			mainGroup = D3B24F8824C3645500CE4158;
			productRefGroup = D3B24F9224C3645500CE4158 /* Products */;
			projectDirPath = "";
			projectRoot = "";
			targets = (
				D3B24F9024C3645500CE4158 /* OnTheMap */,
				D3B24FA624C3646000CE4158 /* OnTheMapTests */,
				D3B24FB124C3646000CE4158 /* OnTheMapUITests */,
			);
		};
/* End PBXProject section */

/* Begin PBXResourcesBuildPhase section */
		D3B24F8F24C3645500CE4158 /* Resources */ = {
			isa = PBXResourcesBuildPhase;
			buildActionMask = 2147483647;
			files = (
				D3B24FA124C3645F00CE4158 /* LaunchScreen.storyboard in Resources */,
				D3B24F9E24C3645F00CE4158 /* Assets.xcassets in Resources */,
				D3B24F9C24C3645500CE4158 /* Main.storyboard in Resources */,
			);
			runOnlyForDeploymentPostprocessing = 0;
		};
		D3B24FA524C3646000CE4158 /* Resources */ = {
			isa = PBXResourcesBuildPhase;
			buildActionMask = 2147483647;
			files = (
			);
			runOnlyForDeploymentPostprocessing = 0;
		};
		D3B24FB024C3646000CE4158 /* Resources */ = {
			isa = PBXResourcesBuildPhase;
			buildActionMask = 2147483647;
			files = (
			);
			runOnlyForDeploymentPostprocessing = 0;
		};
/* End PBXResourcesBuildPhase section */

/* Begin PBXSourcesBuildPhase section */
		D3B24F8D24C3645500CE4158 /* Sources */ = {
			isa = PBXSourcesBuildPhase;
			buildActionMask = 2147483647;
			files = (
				D322D60A24C788EB009A4E4F /* StudentLocation.swift in Sources */,
				D322D60224C73ED8009A4E4F /* OnTheMapClient.swift in Sources */,
				D3B24F9924C3645500CE4158 /* LoginViewController.swift in Sources */,
				D3B24F9524C3645500CE4158 /* AppDelegate.swift in Sources */,
				D322D60824C741A2009A4E4F /* SessionRespones.swift in Sources */,
				D3B24F9724C3645500CE4158 /* SceneDelegate.swift in Sources */,
				D38764F224CF0EFF0083B6BF /* User.swift in Sources */,
				D322D60024C4B932009A4E4F /* MapViewController.swift in Sources */,
				D322D60524C73FD0009A4E4F /* LoginRequest.swift in Sources */,
				D322D60F24C8980E009A4E4F /* StudentLocationResults.swift in Sources */,
				D322D61124C8C185009A4E4F /* InformationPostingViewController.swift in Sources */,
				D322D61324CAAD98009A4E4F /* PostLocationViewController.swift in Sources */,
				D322D5FE24C4B90C009A4E4F /* TableViewController.swift in Sources */,
				D322D61524CAB91D009A4E4F /* PostStudentLocationResponse.swift in Sources */,
			);
			runOnlyForDeploymentPostprocessing = 0;
		};
		D3B24FA324C3646000CE4158 /* Sources */ = {
			isa = PBXSourcesBuildPhase;
			buildActionMask = 2147483647;
			files = (
				D3B24FAC24C3646000CE4158 /* OnTheMapTests.swift in Sources */,
			);
			runOnlyForDeploymentPostprocessing = 0;
		};
		D3B24FAE24C3646000CE4158 /* Sources */ = {
			isa = PBXSourcesBuildPhase;
			buildActionMask = 2147483647;
			files = (
				D3B24FB724C3646000CE4158 /* OnTheMapUITests.swift in Sources */,
			);
			runOnlyForDeploymentPostprocessing = 0;
		};
/* End PBXSourcesBuildPhase section */

/* Begin PBXTargetDependency section */
		D3B24FA924C3646000CE4158 /* PBXTargetDependency */ = {
			isa = PBXTargetDependency;
			target = D3B24F9024C3645500CE4158 /* OnTheMap */;
			targetProxy = D3B24FA824C3646000CE4158 /* PBXContainerItemProxy */;
		};
		D3B24FB424C3646000CE4158 /* PBXTargetDependency */ = {
			isa = PBXTargetDependency;
			target = D3B24F9024C3645500CE4158 /* OnTheMap */;
			targetProxy = D3B24FB324C3646000CE4158 /* PBXContainerItemProxy */;
		};
/* End PBXTargetDependency section */

/* Begin PBXVariantGroup section */
		D3B24F9A24C3645500CE4158 /* Main.storyboard */ = {
			isa = PBXVariantGroup;
			children = (
				D3B24F9B24C3645500CE4158 /* Base */,
			);
			name = Main.storyboard;
			sourceTree = "<group>";
		};
		D3B24F9F24C3645F00CE4158 /* LaunchScreen.storyboard */ = {
			isa = PBXVariantGroup;
			children = (
				D3B24FA024C3645F00CE4158 /* Base */,
			);
			name = LaunchScreen.storyboard;
			sourceTree = "<group>";
		};
/* End PBXVariantGroup section */

/* Begin XCBuildConfiguration section */
		D3B24FB924C3646000CE4158 /* Debug */ = {
			isa = XCBuildConfiguration;
			buildSettings = {
				ALWAYS_SEARCH_USER_PATHS = NO;
				CLANG_ANALYZER_NONNULL = YES;
				CLANG_ANALYZER_NUMBER_OBJECT_CONVERSION = YES_AGGRESSIVE;
				CLANG_CXX_LANGUAGE_STANDARD = "gnu++14";
				CLANG_CXX_LIBRARY = "libc++";
				CLANG_ENABLE_MODULES = YES;
				CLANG_ENABLE_OBJC_ARC = YES;
				CLANG_ENABLE_OBJC_WEAK = YES;
				CLANG_WARN_BLOCK_CAPTURE_AUTORELEASING = YES;
				CLANG_WARN_BOOL_CONVERSION = YES;
				CLANG_WARN_COMMA = YES;
				CLANG_WARN_CONSTANT_CONVERSION = YES;
				CLANG_WARN_DEPRECATED_OBJC_IMPLEMENTATIONS = YES;
				CLANG_WARN_DIRECT_OBJC_ISA_USAGE = YES_ERROR;
				CLANG_WARN_DOCUMENTATION_COMMENTS = YES;
				CLANG_WARN_EMPTY_BODY = YES;
				CLANG_WARN_ENUM_CONVERSION = YES;
				CLANG_WARN_INFINITE_RECURSION = YES;
				CLANG_WARN_INT_CONVERSION = YES;
				CLANG_WARN_NON_LITERAL_NULL_CONVERSION = YES;
				CLANG_WARN_OBJC_IMPLICIT_RETAIN_SELF = YES;
				CLANG_WARN_OBJC_LITERAL_CONVERSION = YES;
				CLANG_WARN_OBJC_ROOT_CLASS = YES_ERROR;
				CLANG_WARN_RANGE_LOOP_ANALYSIS = YES;
				CLANG_WARN_STRICT_PROTOTYPES = YES;
				CLANG_WARN_SUSPICIOUS_MOVE = YES;
				CLANG_WARN_UNGUARDED_AVAILABILITY = YES_AGGRESSIVE;
				CLANG_WARN_UNREACHABLE_CODE = YES;
				CLANG_WARN__DUPLICATE_METHOD_MATCH = YES;
				COPY_PHASE_STRIP = NO;
				DEBUG_INFORMATION_FORMAT = dwarf;
				ENABLE_STRICT_OBJC_MSGSEND = YES;
				ENABLE_TESTABILITY = YES;
				GCC_C_LANGUAGE_STANDARD = gnu11;
				GCC_DYNAMIC_NO_PIC = NO;
				GCC_NO_COMMON_BLOCKS = YES;
				GCC_OPTIMIZATION_LEVEL = 0;
				GCC_PREPROCESSOR_DEFINITIONS = (
					"DEBUG=1",
					"$(inherited)",
				);
				GCC_WARN_64_TO_32_BIT_CONVERSION = YES;
				GCC_WARN_ABOUT_RETURN_TYPE = YES_ERROR;
				GCC_WARN_UNDECLARED_SELECTOR = YES;
				GCC_WARN_UNINITIALIZED_AUTOS = YES_AGGRESSIVE;
				GCC_WARN_UNUSED_FUNCTION = YES;
				GCC_WARN_UNUSED_VARIABLE = YES;
				IPHONEOS_DEPLOYMENT_TARGET = 13.5;
				MTL_ENABLE_DEBUG_INFO = INCLUDE_SOURCE;
				MTL_FAST_MATH = YES;
				ONLY_ACTIVE_ARCH = YES;
				SDKROOT = iphoneos;
				SWIFT_ACTIVE_COMPILATION_CONDITIONS = DEBUG;
				SWIFT_OPTIMIZATION_LEVEL = "-Onone";
			};
			name = Debug;
		};
		D3B24FBA24C3646000CE4158 /* Release */ = {
			isa = XCBuildConfiguration;
			buildSettings = {
				ALWAYS_SEARCH_USER_PATHS = NO;
				CLANG_ANALYZER_NONNULL = YES;
				CLANG_ANALYZER_NUMBER_OBJECT_CONVERSION = YES_AGGRESSIVE;
				CLANG_CXX_LANGUAGE_STANDARD = "gnu++14";
				CLANG_CXX_LIBRARY = "libc++";
				CLANG_ENABLE_MODULES = YES;
				CLANG_ENABLE_OBJC_ARC = YES;
				CLANG_ENABLE_OBJC_WEAK = YES;
				CLANG_WARN_BLOCK_CAPTURE_AUTORELEASING = YES;
				CLANG_WARN_BOOL_CONVERSION = YES;
				CLANG_WARN_COMMA = YES;
				CLANG_WARN_CONSTANT_CONVERSION = YES;
				CLANG_WARN_DEPRECATED_OBJC_IMPLEMENTATIONS = YES;
				CLANG_WARN_DIRECT_OBJC_ISA_USAGE = YES_ERROR;
				CLANG_WARN_DOCUMENTATION_COMMENTS = YES;
				CLANG_WARN_EMPTY_BODY = YES;
				CLANG_WARN_ENUM_CONVERSION = YES;
				CLANG_WARN_INFINITE_RECURSION = YES;
				CLANG_WARN_INT_CONVERSION = YES;
				CLANG_WARN_NON_LITERAL_NULL_CONVERSION = YES;
				CLANG_WARN_OBJC_IMPLICIT_RETAIN_SELF = YES;
				CLANG_WARN_OBJC_LITERAL_CONVERSION = YES;
				CLANG_WARN_OBJC_ROOT_CLASS = YES_ERROR;
				CLANG_WARN_RANGE_LOOP_ANALYSIS = YES;
				CLANG_WARN_STRICT_PROTOTYPES = YES;
				CLANG_WARN_SUSPICIOUS_MOVE = YES;
				CLANG_WARN_UNGUARDED_AVAILABILITY = YES_AGGRESSIVE;
				CLANG_WARN_UNREACHABLE_CODE = YES;
				CLANG_WARN__DUPLICATE_METHOD_MATCH = YES;
				COPY_PHASE_STRIP = NO;
				DEBUG_INFORMATION_FORMAT = "dwarf-with-dsym";
				ENABLE_NS_ASSERTIONS = NO;
				ENABLE_STRICT_OBJC_MSGSEND = YES;
				GCC_C_LANGUAGE_STANDARD = gnu11;
				GCC_NO_COMMON_BLOCKS = YES;
				GCC_WARN_64_TO_32_BIT_CONVERSION = YES;
				GCC_WARN_ABOUT_RETURN_TYPE = YES_ERROR;
				GCC_WARN_UNDECLARED_SELECTOR = YES;
				GCC_WARN_UNINITIALIZED_AUTOS = YES_AGGRESSIVE;
				GCC_WARN_UNUSED_FUNCTION = YES;
				GCC_WARN_UNUSED_VARIABLE = YES;
				IPHONEOS_DEPLOYMENT_TARGET = 13.5;
				MTL_ENABLE_DEBUG_INFO = NO;
				MTL_FAST_MATH = YES;
				SDKROOT = iphoneos;
				SWIFT_COMPILATION_MODE = wholemodule;
				SWIFT_OPTIMIZATION_LEVEL = "-O";
				VALIDATE_PRODUCT = YES;
			};
			name = Release;
		};
		D3B24FBC24C3646000CE4158 /* Debug */ = {
			isa = XCBuildConfiguration;
			buildSettings = {
				ASSETCATALOG_COMPILER_APPICON_NAME = AppIcon;
				CODE_SIGN_STYLE = Automatic;
				DEVELOPMENT_TEAM = Q3ZG8GYXBS;
				INFOPLIST_FILE = OnTheMap/Info.plist;
				LD_RUNPATH_SEARCH_PATHS = (
					"$(inherited)",
					"@executable_path/Frameworks",
				);
				PRODUCT_BUNDLE_IDENTIFIER = com.adeebx1.OnTheMap;
				PRODUCT_NAME = "$(TARGET_NAME)";
				SWIFT_VERSION = 5.0;
				TARGETED_DEVICE_FAMILY = "1,2";
			};
			name = Debug;
		};
		D3B24FBD24C3646000CE4158 /* Release */ = {
			isa = XCBuildConfiguration;
			buildSettings = {
				ASSETCATALOG_COMPILER_APPICON_NAME = AppIcon;
				CODE_SIGN_STYLE = Automatic;
				DEVELOPMENT_TEAM = Q3ZG8GYXBS;
				INFOPLIST_FILE = OnTheMap/Info.plist;
				LD_RUNPATH_SEARCH_PATHS = (
					"$(inherited)",
					"@executable_path/Frameworks",
				);
				PRODUCT_BUNDLE_IDENTIFIER = com.adeebx1.OnTheMap;
				PRODUCT_NAME = "$(TARGET_NAME)";
				SWIFT_VERSION = 5.0;
				TARGETED_DEVICE_FAMILY = "1,2";
			};
			name = Release;
		};
		D3B24FBF24C3646000CE4158 /* Debug */ = {
			isa = XCBuildConfiguration;
			buildSettings = {
				ALWAYS_EMBED_SWIFT_STANDARD_LIBRARIES = YES;
				BUNDLE_LOADER = "$(TEST_HOST)";
				CODE_SIGN_STYLE = Automatic;
				DEVELOPMENT_TEAM = Q3ZG8GYXBS;
				INFOPLIST_FILE = OnTheMapTests/Info.plist;
				IPHONEOS_DEPLOYMENT_TARGET = 13.5;
				LD_RUNPATH_SEARCH_PATHS = (
					"$(inherited)",
					"@executable_path/Frameworks",
					"@loader_path/Frameworks",
				);
				PRODUCT_BUNDLE_IDENTIFIER = com.adeebx1.OnTheMapTests;
				PRODUCT_NAME = "$(TARGET_NAME)";
				SWIFT_VERSION = 5.0;
				TARGETED_DEVICE_FAMILY = "1,2";
				TEST_HOST = "$(BUILT_PRODUCTS_DIR)/OnTheMap.app/OnTheMap";
			};
			name = Debug;
		};
		D3B24FC024C3646000CE4158 /* Release */ = {
			isa = XCBuildConfiguration;
			buildSettings = {
				ALWAYS_EMBED_SWIFT_STANDARD_LIBRARIES = YES;
				BUNDLE_LOADER = "$(TEST_HOST)";
				CODE_SIGN_STYLE = Automatic;
				DEVELOPMENT_TEAM = Q3ZG8GYXBS;
				INFOPLIST_FILE = OnTheMapTests/Info.plist;
				IPHONEOS_DEPLOYMENT_TARGET = 13.5;
				LD_RUNPATH_SEARCH_PATHS = (
					"$(inherited)",
					"@executable_path/Frameworks",
					"@loader_path/Frameworks",
				);
				PRODUCT_BUNDLE_IDENTIFIER = com.adeebx1.OnTheMapTests;
				PRODUCT_NAME = "$(TARGET_NAME)";
				SWIFT_VERSION = 5.0;
				TARGETED_DEVICE_FAMILY = "1,2";
				TEST_HOST = "$(BUILT_PRODUCTS_DIR)/OnTheMap.app/OnTheMap";
			};
			name = Release;
		};
		D3B24FC224C3646000CE4158 /* Debug */ = {
			isa = XCBuildConfiguration;
			buildSettings = {
				ALWAYS_EMBED_SWIFT_STANDARD_LIBRARIES = YES;
				CODE_SIGN_STYLE = Automatic;
				DEVELOPMENT_TEAM = Q3ZG8GYXBS;
				INFOPLIST_FILE = OnTheMapUITests/Info.plist;
				LD_RUNPATH_SEARCH_PATHS = (
					"$(inherited)",
					"@executable_path/Frameworks",
					"@loader_path/Frameworks",
				);
				PRODUCT_BUNDLE_IDENTIFIER = com.adeebx1.OnTheMapUITests;
				PRODUCT_NAME = "$(TARGET_NAME)";
				SWIFT_VERSION = 5.0;
				TARGETED_DEVICE_FAMILY = "1,2";
				TEST_TARGET_NAME = OnTheMap;
			};
			name = Debug;
		};
		D3B24FC324C3646000CE4158 /* Release */ = {
			isa = XCBuildConfiguration;
			buildSettings = {
				ALWAYS_EMBED_SWIFT_STANDARD_LIBRARIES = YES;
				CODE_SIGN_STYLE = Automatic;
				DEVELOPMENT_TEAM = Q3ZG8GYXBS;
				INFOPLIST_FILE = OnTheMapUITests/Info.plist;
				LD_RUNPATH_SEARCH_PATHS = (
					"$(inherited)",
					"@executable_path/Frameworks",
					"@loader_path/Frameworks",
				);
				PRODUCT_BUNDLE_IDENTIFIER = com.adeebx1.OnTheMapUITests;
				PRODUCT_NAME = "$(TARGET_NAME)";
				SWIFT_VERSION = 5.0;
				TARGETED_DEVICE_FAMILY = "1,2";
				TEST_TARGET_NAME = OnTheMap;
			};
			name = Release;
		};
/* End XCBuildConfiguration section */

/* Begin XCConfigurationList section */
		D3B24F8C24C3645500CE4158 /* Build configuration list for PBXProject "OnTheMap" */ = {
			isa = XCConfigurationList;
			buildConfigurations = (
				D3B24FB924C3646000CE4158 /* Debug */,
				D3B24FBA24C3646000CE4158 /* Release */,
			);
			defaultConfigurationIsVisible = 0;
			defaultConfigurationName = Release;
		};
		D3B24FBB24C3646000CE4158 /* Build configuration list for PBXNativeTarget "OnTheMap" */ = {
			isa = XCConfigurationList;
			buildConfigurations = (
				D3B24FBC24C3646000CE4158 /* Debug */,
				D3B24FBD24C3646000CE4158 /* Release */,
			);
			defaultConfigurationIsVisible = 0;
			defaultConfigurationName = Release;
		};
		D3B24FBE24C3646000CE4158 /* Build configuration list for PBXNativeTarget "OnTheMapTests" */ = {
			isa = XCConfigurationList;
			buildConfigurations = (
				D3B24FBF24C3646000CE4158 /* Debug */,
				D3B24FC024C3646000CE4158 /* Release */,
			);
			defaultConfigurationIsVisible = 0;
			defaultConfigurationName = Release;
		};
		D3B24FC124C3646000CE4158 /* Build configuration list for PBXNativeTarget "OnTheMapUITests" */ = {
			isa = XCConfigurationList;
			buildConfigurations = (
				D3B24FC224C3646000CE4158 /* Debug */,
				D3B24FC324C3646000CE4158 /* Release */,
			);
			defaultConfigurationIsVisible = 0;
			defaultConfigurationName = Release;
		};
/* End XCConfigurationList section */
	};
	rootObject = D3B24F8924C3645500CE4158 /* Project object */;
}
